
Microsoft Visual Studio Solution File, Format Version 12.00
# Visual Studio 14
VisualStudioVersion = 14.0.23107.0
MinimumVisualStudioVersion = 10.0.40219.1
Project("{FAE04EC0-301F-11D3-BF4B-00C04F79EFBC}") = "UBB_SemifinalTask", "UBB_SemifinalTask\UBB_SemifinalTask.csproj", "{CFD3730E-9433-4CB2-AE4A-962FA45F7FDC}"
EndProject
Global
	GlobalSection(SolutionConfigurationPlatforms) = preSolution
		Debug|Any CPU = Debug|Any CPU
		Release|Any CPU = Release|Any CPU
	EndGlobalSection
	GlobalSection(ProjectConfigurationPlatforms) = postSolution
		{CFD3730E-9433-4CB2-AE4A-962FA45F7FDC}.Debug|Any CPU.ActiveCfg = Debug|Any CPU
		{CFD3730E-9433-4CB2-AE4A-962FA45F7FDC}.Debug|Any CPU.Build.0 = Debug|Any CPU
		{CFD3730E-9433-4CB2-AE4A-962FA45F7FDC}.Release|Any CPU.ActiveCfg = Release|Any CPU
		{CFD3730E-9433-4CB2-AE4A-962FA45F7FDC}.Release|Any CPU.Build.0 = Release|Any CPU
	EndGlobalSection
	GlobalSection(SolutionProperties) = preSolution
		HideSolutionNode = FALSE
	EndGlobalSection
EndGlobal
